// !$*UTF8*$!
{
	archiveVersion = 1;
	classes = {
	};
	objectVersion = 50;
	objects = {

/* Begin PBXBuildFile section */
		D73C67E224DA4AE50030EDB5 /* PerfectEgg WatchKit App.app in Embed Watch Content */ = {isa = PBXBuildFile; fileRef = D73C67E124DA4AE50030EDB5 /* PerfectEgg WatchKit App.app */; settings = {ATTRIBUTES = (RemoveHeadersOnCopy, ); }; };
		D73C67E824DA4AE50030EDB5 /* Interface.storyboard in Resources */ = {isa = PBXBuildFile; fileRef = D73C67E624DA4AE50030EDB5 /* Interface.storyboard */; };
		D73C67EA24DA4AEB0030EDB5 /* Assets.xcassets in Resources */ = {isa = PBXBuildFile; fileRef = D73C67E924DA4AEB0030EDB5 /* Assets.xcassets */; };
		D73C67F124DA4AEC0030EDB5 /* PerfectEgg WatchKit Extension.appex in Embed App Extensions */ = {isa = PBXBuildFile; fileRef = D73C67F024DA4AEC0030EDB5 /* PerfectEgg WatchKit Extension.appex */; settings = {ATTRIBUTES = (RemoveHeadersOnCopy, ); }; };
		D73C67F624DA4AEC0030EDB5 /* ContentView.swift in Sources */ = {isa = PBXBuildFile; fileRef = D73C67F524DA4AEC0030EDB5 /* ContentView.swift */; };
		D73C67F824DA4AEC0030EDB5 /* HostingController.swift in Sources */ = {isa = PBXBuildFile; fileRef = D73C67F724DA4AEC0030EDB5 /* HostingController.swift */; };
		D73C67FA24DA4AEC0030EDB5 /* ExtensionDelegate.swift in Sources */ = {isa = PBXBuildFile; fileRef = D73C67F924DA4AEC0030EDB5 /* ExtensionDelegate.swift */; };
		D73C67FC24DA4AEC0030EDB5 /* NotificationController.swift in Sources */ = {isa = PBXBuildFile; fileRef = D73C67FB24DA4AEC0030EDB5 /* NotificationController.swift */; };
		D73C67FE24DA4AEC0030EDB5 /* NotificationView.swift in Sources */ = {isa = PBXBuildFile; fileRef = D73C67FD24DA4AEC0030EDB5 /* NotificationView.swift */; };
		D73C680024DA4AEF0030EDB5 /* Assets.xcassets in Resources */ = {isa = PBXBuildFile; fileRef = D73C67FF24DA4AEF0030EDB5 /* Assets.xcassets */; };
		D73C680324DA4AEF0030EDB5 /* Preview Assets.xcassets in Resources */ = {isa = PBXBuildFile; fileRef = D73C680224DA4AEF0030EDB5 /* Preview Assets.xcassets */; };
		D73C681424DA4BA10030EDB5 /* Pie.swift in Sources */ = {isa = PBXBuildFile; fileRef = D73C681324DA4BA10030EDB5 /* Pie.swift */; };
		D73C681624DA4BBC0030EDB5 /* Array+Identifiable.swift in Sources */ = {isa = PBXBuildFile; fileRef = D73C681524DA4BBC0030EDB5 /* Array+Identifiable.swift */; };
		D73C681A24DA4C850030EDB5 /* EggModel.swift in Sources */ = {isa = PBXBuildFile; fileRef = D73C681924DA4C850030EDB5 /* EggModel.swift */; };
		D73C681E24DA518C0030EDB5 /* EggVM.swift in Sources */ = {isa = PBXBuildFile; fileRef = D73C681D24DA518C0030EDB5 /* EggVM.swift */; };
/* End PBXBuildFile section */

/* Begin PBXContainerItemProxy section */
		D73C67E324DA4AE50030EDB5 /* PBXContainerItemProxy */ = {
			isa = PBXContainerItemProxy;
			containerPortal = D73C67D724DA4AE40030EDB5 /* Project object */;
			proxyType = 1;
			remoteGlobalIDString = D73C67E024DA4AE50030EDB5;
			remoteInfo = "PerfectEgg WatchKit App";
		};
		D73C67F224DA4AEC0030EDB5 /* PBXContainerItemProxy */ = {
			isa = PBXContainerItemProxy;
			containerPortal = D73C67D724DA4AE40030EDB5 /* Project object */;
			proxyType = 1;
			remoteGlobalIDString = D73C67EF24DA4AEC0030EDB5;
			remoteInfo = "PerfectEgg WatchKit Extension";
		};
/* End PBXContainerItemProxy section */

/* Begin PBXCopyFilesBuildPhase section */
		D73C680B24DA4AEF0030EDB5 /* Embed App Extensions */ = {
			isa = PBXCopyFilesBuildPhase;
			buildActionMask = 2147483647;
			dstPath = "";
			dstSubfolderSpec = 13;
			files = (
				D73C67F124DA4AEC0030EDB5 /* PerfectEgg WatchKit Extension.appex in Embed App Extensions */,
			);
			name = "Embed App Extensions";
			runOnlyForDeploymentPostprocessing = 0;
		};
		D73C680F24DA4AEF0030EDB5 /* Embed Watch Content */ = {
			isa = PBXCopyFilesBuildPhase;
			buildActionMask = 2147483647;
			dstPath = "$(CONTENTS_FOLDER_PATH)/Watch";
			dstSubfolderSpec = 16;
			files = (
				D73C67E224DA4AE50030EDB5 /* PerfectEgg WatchKit App.app in Embed Watch Content */,
			);
			name = "Embed Watch Content";
			runOnlyForDeploymentPostprocessing = 0;
		};
/* End PBXCopyFilesBuildPhase section */

/* Begin PBXFileReference section */
		D73C67DD24DA4AE40030EDB5 /* PerfectEgg.app */ = {isa = PBXFileReference; explicitFileType = wrapper.application; includeInIndex = 0; path = PerfectEgg.app; sourceTree = BUILT_PRODUCTS_DIR; };
		D73C67E124DA4AE50030EDB5 /* PerfectEgg WatchKit App.app */ = {isa = PBXFileReference; explicitFileType = wrapper.application; includeInIndex = 0; path = "PerfectEgg WatchKit App.app"; sourceTree = BUILT_PRODUCTS_DIR; };
		D73C67E724DA4AE50030EDB5 /* Base */ = {isa = PBXFileReference; lastKnownFileType = file.storyboard; name = Base; path = Base.lproj/Interface.storyboard; sourceTree = "<group>"; };
		D73C67E924DA4AEB0030EDB5 /* Assets.xcassets */ = {isa = PBXFileReference; lastKnownFileType = folder.assetcatalog; path = Assets.xcassets; sourceTree = "<group>"; };
		D73C67EB24DA4AEB0030EDB5 /* Info.plist */ = {isa = PBXFileReference; lastKnownFileType = text.plist.xml; path = Info.plist; sourceTree = "<group>"; };
		D73C67F024DA4AEC0030EDB5 /* PerfectEgg WatchKit Extension.appex */ = {isa = PBXFileReference; explicitFileType = "wrapper.app-extension"; includeInIndex = 0; path = "PerfectEgg WatchKit Extension.appex"; sourceTree = BUILT_PRODUCTS_DIR; };
		D73C67F524DA4AEC0030EDB5 /* ContentView.swift */ = {isa = PBXFileReference; lastKnownFileType = sourcecode.swift; path = ContentView.swift; sourceTree = "<group>"; };
		D73C67F724DA4AEC0030EDB5 /* HostingController.swift */ = {isa = PBXFileReference; lastKnownFileType = sourcecode.swift; path = HostingController.swift; sourceTree = "<group>"; };
		D73C67F924DA4AEC0030EDB5 /* ExtensionDelegate.swift */ = {isa = PBXFileReference; lastKnownFileType = sourcecode.swift; path = ExtensionDelegate.swift; sourceTree = "<group>"; };
		D73C67FB24DA4AEC0030EDB5 /* NotificationController.swift */ = {isa = PBXFileReference; lastKnownFileType = sourcecode.swift; path = NotificationController.swift; sourceTree = "<group>"; };
		D73C67FD24DA4AEC0030EDB5 /* NotificationView.swift */ = {isa = PBXFileReference; lastKnownFileType = sourcecode.swift; path = NotificationView.swift; sourceTree = "<group>"; };
		D73C67FF24DA4AEF0030EDB5 /* Assets.xcassets */ = {isa = PBXFileReference; lastKnownFileType = folder.assetcatalog; path = Assets.xcassets; sourceTree = "<group>"; };
		D73C680224DA4AEF0030EDB5 /* Preview Assets.xcassets */ = {isa = PBXFileReference; lastKnownFileType = folder.assetcatalog; path = "Preview Assets.xcassets"; sourceTree = "<group>"; };
		D73C680424DA4AEF0030EDB5 /* Info.plist */ = {isa = PBXFileReference; lastKnownFileType = text.plist.xml; path = Info.plist; sourceTree = "<group>"; };
		D73C680524DA4AEF0030EDB5 /* PushNotificationPayload.apns */ = {isa = PBXFileReference; lastKnownFileType = text; path = PushNotificationPayload.apns; sourceTree = "<group>"; };
		D73C681324DA4BA10030EDB5 /* Pie.swift */ = {isa = PBXFileReference; fileEncoding = 4; lastKnownFileType = sourcecode.swift; path = Pie.swift; sourceTree = "<group>"; };
		D73C681524DA4BBC0030EDB5 /* Array+Identifiable.swift */ = {isa = PBXFileReference; fileEncoding = 4; lastKnownFileType = sourcecode.swift; path = "Array+Identifiable.swift"; sourceTree = "<group>"; };
		D73C681924DA4C850030EDB5 /* EggModel.swift */ = {isa = PBXFileReference; lastKnownFileType = sourcecode.swift; path = EggModel.swift; sourceTree = "<group>"; };
		D73C681D24DA518C0030EDB5 /* EggVM.swift */ = {isa = PBXFileReference; lastKnownFileType = sourcecode.swift; path = EggVM.swift; sourceTree = "<group>"; };
/* End PBXFileReference section */

/* Begin PBXFrameworksBuildPhase section */
		D73C67ED24DA4AEC0030EDB5 /* Frameworks */ = {
			isa = PBXFrameworksBuildPhase;
			buildActionMask = 2147483647;
			files = (
			);
			runOnlyForDeploymentPostprocessing = 0;
		};
/* End PBXFrameworksBuildPhase section */

/* Begin PBXGroup section */
		D73C67D624DA4AE40030EDB5 = {
			isa = PBXGroup;
			children = (
				D73C67E524DA4AE50030EDB5 /* PerfectEgg WatchKit App */,
				D73C67F424DA4AEC0030EDB5 /* PerfectEgg WatchKit Extension */,
				D73C67DE24DA4AE40030EDB5 /* Products */,
			);
			sourceTree = "<group>";
		};
		D73C67DE24DA4AE40030EDB5 /* Products */ = {
			isa = PBXGroup;
			children = (
				D73C67DD24DA4AE40030EDB5 /* PerfectEgg.app */,
				D73C67E124DA4AE50030EDB5 /* PerfectEgg WatchKit App.app */,
				D73C67F024DA4AEC0030EDB5 /* PerfectEgg WatchKit Extension.appex */,
			);
			name = Products;
			sourceTree = "<group>";
		};
		D73C67E524DA4AE50030EDB5 /* PerfectEgg WatchKit App */ = {
			isa = PBXGroup;
			children = (
				D73C67E624DA4AE50030EDB5 /* Interface.storyboard */,
				D73C67E924DA4AEB0030EDB5 /* Assets.xcassets */,
				D73C67EB24DA4AEB0030EDB5 /* Info.plist */,
			);
			path = "PerfectEgg WatchKit App";
			sourceTree = "<group>";
		};
		D73C67F424DA4AEC0030EDB5 /* PerfectEgg WatchKit Extension */ = {
			isa = PBXGroup;
			children = (
				D73C67F524DA4AEC0030EDB5 /* ContentView.swift */,
				D73C681924DA4C850030EDB5 /* EggModel.swift */,
				D73C681D24DA518C0030EDB5 /* EggVM.swift */,
				D73C681524DA4BBC0030EDB5 /* Array+Identifiable.swift */,
				D73C681324DA4BA10030EDB5 /* Pie.swift */,
				D73C67F724DA4AEC0030EDB5 /* HostingController.swift */,
				D73C67F924DA4AEC0030EDB5 /* ExtensionDelegate.swift */,
				D73C67FB24DA4AEC0030EDB5 /* NotificationController.swift */,
				D73C67FD24DA4AEC0030EDB5 /* NotificationView.swift */,
				D73C67FF24DA4AEF0030EDB5 /* Assets.xcassets */,
				D73C680424DA4AEF0030EDB5 /* Info.plist */,
				D73C680524DA4AEF0030EDB5 /* PushNotificationPayload.apns */,
				D73C680124DA4AEF0030EDB5 /* Preview Content */,
			);
			path = "PerfectEgg WatchKit Extension";
			sourceTree = "<group>";
		};
		D73C680124DA4AEF0030EDB5 /* Preview Content */ = {
			isa = PBXGroup;
			children = (
				D73C680224DA4AEF0030EDB5 /* Preview Assets.xcassets */,
			);
			path = "Preview Content";
			sourceTree = "<group>";
		};
/* End PBXGroup section */

/* Begin PBXNativeTarget section */
		D73C67DC24DA4AE40030EDB5 /* PerfectEgg */ = {
			isa = PBXNativeTarget;
			buildConfigurationList = D73C681024DA4AEF0030EDB5 /* Build configuration list for PBXNativeTarget "PerfectEgg" */;
			buildPhases = (
				D73C67DB24DA4AE40030EDB5 /* Resources */,
				D73C680F24DA4AEF0030EDB5 /* Embed Watch Content */,
			);
			buildRules = (
			);
			dependencies = (
				D73C67E424DA4AE50030EDB5 /* PBXTargetDependency */,
			);
			name = PerfectEgg;
			productName = PerfectEgg;
			productReference = D73C67DD24DA4AE40030EDB5 /* PerfectEgg.app */;
			productType = "com.apple.product-type.application.watchapp2-container";
		};
		D73C67E024DA4AE50030EDB5 /* PerfectEgg WatchKit App */ = {
			isa = PBXNativeTarget;
			buildConfigurationList = D73C680C24DA4AEF0030EDB5 /* Build configuration list for PBXNativeTarget "PerfectEgg WatchKit App" */;
			buildPhases = (
				D73C67DF24DA4AE50030EDB5 /* Resources */,
				D73C680B24DA4AEF0030EDB5 /* Embed App Extensions */,
			);
			buildRules = (
			);
			dependencies = (
				D73C67F324DA4AEC0030EDB5 /* PBXTargetDependency */,
			);
			name = "PerfectEgg WatchKit App";
			productName = "PerfectEgg WatchKit App";
			productReference = D73C67E124DA4AE50030EDB5 /* PerfectEgg WatchKit App.app */;
			productType = "com.apple.product-type.application.watchapp2";
		};
		D73C67EF24DA4AEC0030EDB5 /* PerfectEgg WatchKit Extension */ = {
			isa = PBXNativeTarget;
			buildConfigurationList = D73C680824DA4AEF0030EDB5 /* Build configuration list for PBXNativeTarget "PerfectEgg WatchKit Extension" */;
			buildPhases = (
				D73C67EC24DA4AEC0030EDB5 /* Sources */,
				D73C67ED24DA4AEC0030EDB5 /* Frameworks */,
				D73C67EE24DA4AEC0030EDB5 /* Resources */,
			);
			buildRules = (
			);
			dependencies = (
			);
			name = "PerfectEgg WatchKit Extension";
			productName = "PerfectEgg WatchKit Extension";
			productReference = D73C67F024DA4AEC0030EDB5 /* PerfectEgg WatchKit Extension.appex */;
			productType = "com.apple.product-type.watchkit2-extension";
		};
/* End PBXNativeTarget section */

/* Begin PBXProject section */
		D73C67D724DA4AE40030EDB5 /* Project object */ = {
			isa = PBXProject;
			attributes = {
				LastSwiftUpdateCheck = 1160;
				LastUpgradeCheck = 1160;
				ORGANIZATIONNAME = "Augusto Spinelli";
				TargetAttributes = {
					D73C67DC24DA4AE40030EDB5 = {
						CreatedOnToolsVersion = 11.6;
					};
					D73C67E024DA4AE50030EDB5 = {
						CreatedOnToolsVersion = 11.6;
					};
					D73C67EF24DA4AEC0030EDB5 = {
						CreatedOnToolsVersion = 11.6;
					};
				};
			};
			buildConfigurationList = D73C67DA24DA4AE40030EDB5 /* Build configuration list for PBXProject "PerfectEgg" */;
			compatibilityVersion = "Xcode 9.3";
			developmentRegion = en;
			hasScannedForEncodings = 0;
			knownRegions = (
				en,
				Base,
			);
			mainGroup = D73C67D624DA4AE40030EDB5;
			productRefGroup = D73C67DE24DA4AE40030EDB5 /* Products */;
			projectDirPath = "";
			projectRoot = "";
			targets = (
				D73C67DC24DA4AE40030EDB5 /* PerfectEgg */,
				D73C67E024DA4AE50030EDB5 /* PerfectEgg WatchKit App */,
				D73C67EF24DA4AEC0030EDB5 /* PerfectEgg WatchKit Extension */,
			);
		};
/* End PBXProject section */

/* Begin PBXResourcesBuildPhase section */
		D73C67DB24DA4AE40030EDB5 /* Resources */ = {
			isa = PBXResourcesBuildPhase;
			buildActionMask = 2147483647;
			files = (
			);
			runOnlyForDeploymentPostprocessing = 0;
		};
		D73C67DF24DA4AE50030EDB5 /* Resources */ = {
			isa = PBXResourcesBuildPhase;
			buildActionMask = 2147483647;
			files = (
				D73C67EA24DA4AEB0030EDB5 /* Assets.xcassets in Resources */,
				D73C67E824DA4AE50030EDB5 /* Interface.storyboard in Resources */,
			);
			runOnlyForDeploymentPostprocessing = 0;
		};
		D73C67EE24DA4AEC0030EDB5 /* Resources */ = {
			isa = PBXResourcesBuildPhase;
			buildActionMask = 2147483647;
			files = (
				D73C680324DA4AEF0030EDB5 /* Preview Assets.xcassets in Resources */,
				D73C680024DA4AEF0030EDB5 /* Assets.xcassets in Resources */,
			);
			runOnlyForDeploymentPostprocessing = 0;
		};
/* End PBXResourcesBuildPhase section */

/* Begin PBXSourcesBuildPhase section */
		D73C67EC24DA4AEC0030EDB5 /* Sources */ = {
			isa = PBXSourcesBuildPhase;
			buildActionMask = 2147483647;
			files = (
				D73C681E24DA518C0030EDB5 /* EggVM.swift in Sources */,
				D73C681424DA4BA10030EDB5 /* Pie.swift in Sources */,
				D73C67F824DA4AEC0030EDB5 /* HostingController.swift in Sources */,
				D73C681A24DA4C850030EDB5 /* EggModel.swift in Sources */,
				D73C67F624DA4AEC0030EDB5 /* ContentView.swift in Sources */,
				D73C67FC24DA4AEC0030EDB5 /* NotificationController.swift in Sources */,
				D73C67FA24DA4AEC0030EDB5 /* ExtensionDelegate.swift in Sources */,
				D73C681624DA4BBC0030EDB5 /* Array+Identifiable.swift in Sources */,
				D73C67FE24DA4AEC0030EDB5 /* NotificationView.swift in Sources */,
			);
			runOnlyForDeploymentPostprocessing = 0;
		};
/* End PBXSourcesBuildPhase section */

/* Begin PBXTargetDependency section */
		D73C67E424DA4AE50030EDB5 /* PBXTargetDependency */ = {
			isa = PBXTargetDependency;
			target = D73C67E024DA4AE50030EDB5 /* PerfectEgg WatchKit App */;
			targetProxy = D73C67E324DA4AE50030EDB5 /* PBXContainerItemProxy */;
		};
		D73C67F324DA4AEC0030EDB5 /* PBXTargetDependency */ = {
			isa = PBXTargetDependency;
			target = D73C67EF24DA4AEC0030EDB5 /* PerfectEgg WatchKit Extension */;
			targetProxy = D73C67F224DA4AEC0030EDB5 /* PBXContainerItemProxy */;
		};
/* End PBXTargetDependency section */

/* Begin PBXVariantGroup section */
		D73C67E624DA4AE50030EDB5 /* Interface.storyboard */ = {
			isa = PBXVariantGroup;
			children = (
				D73C67E724DA4AE50030EDB5 /* Base */,
			);
			name = Interface.storyboard;
			sourceTree = "<group>";
		};
/* End PBXVariantGroup section */

/* Begin XCBuildConfiguration section */
		D73C680624DA4AEF0030EDB5 /* Debug */ = {
			isa = XCBuildConfiguration;
			buildSettings = {
				ALWAYS_SEARCH_USER_PATHS = NO;
				CLANG_ANALYZER_NONNULL = YES;
				CLANG_ANALYZER_NUMBER_OBJECT_CONVERSION = YES_AGGRESSIVE;
				CLANG_CXX_LANGUAGE_STANDARD = "gnu++14";
				CLANG_CXX_LIBRARY = "libc++";
				CLANG_ENABLE_MODULES = YES;
				CLANG_ENABLE_OBJC_ARC = YES;
				CLANG_ENABLE_OBJC_WEAK = YES;
				CLANG_WARN_BLOCK_CAPTURE_AUTORELEASING = YES;
				CLANG_WARN_BOOL_CONVERSION = YES;
				CLANG_WARN_COMMA = YES;
				CLANG_WARN_CONSTANT_CONVERSION = YES;
				CLANG_WARN_DEPRECATED_OBJC_IMPLEMENTATIONS = YES;
				CLANG_WARN_DIRECT_OBJC_ISA_USAGE = YES_ERROR;
				CLANG_WARN_DOCUMENTATION_COMMENTS = YES;
				CLANG_WARN_EMPTY_BODY = YES;
				CLANG_WARN_ENUM_CONVERSION = YES;
				CLANG_WARN_INFINITE_RECURSION = YES;
				CLANG_WARN_INT_CONVERSION = YES;
				CLANG_WARN_NON_LITERAL_NULL_CONVERSION = YES;
				CLANG_WARN_OBJC_IMPLICIT_RETAIN_SELF = YES;
				CLANG_WARN_OBJC_LITERAL_CONVERSION = YES;
				CLANG_WARN_OBJC_ROOT_CLASS = YES_ERROR;
				CLANG_WARN_RANGE_LOOP_ANALYSIS = YES;
				CLANG_WARN_STRICT_PROTOTYPES = YES;
				CLANG_WARN_SUSPICIOUS_MOVE = YES;
				CLANG_WARN_UNGUARDED_AVAILABILITY = YES_AGGRESSIVE;
				CLANG_WARN_UNREACHABLE_CODE = YES;
				CLANG_WARN__DUPLICATE_METHOD_MATCH = YES;
				COPY_PHASE_STRIP = NO;
				DEBUG_INFORMATION_FORMAT = dwarf;
				ENABLE_STRICT_OBJC_MSGSEND = YES;
				ENABLE_TESTABILITY = YES;
				GCC_C_LANGUAGE_STANDARD = gnu11;
				GCC_DYNAMIC_NO_PIC = NO;
				GCC_NO_COMMON_BLOCKS = YES;
				GCC_OPTIMIZATION_LEVEL = 0;
				GCC_PREPROCESSOR_DEFINITIONS = (
					"DEBUG=1",
					"$(inherited)",
				);
				GCC_WARN_64_TO_32_BIT_CONVERSION = YES;
				GCC_WARN_ABOUT_RETURN_TYPE = YES_ERROR;
				GCC_WARN_UNDECLARED_SELECTOR = YES;
				GCC_WARN_UNINITIALIZED_AUTOS = YES_AGGRESSIVE;
				GCC_WARN_UNUSED_FUNCTION = YES;
				GCC_WARN_UNUSED_VARIABLE = YES;
				MTL_ENABLE_DEBUG_INFO = INCLUDE_SOURCE;
				MTL_FAST_MATH = YES;
				ONLY_ACTIVE_ARCH = YES;
				SDKROOT = iphoneos;
				SWIFT_ACTIVE_COMPILATION_CONDITIONS = DEBUG;
				SWIFT_OPTIMIZATION_LEVEL = "-Onone";
			};
			name = Debug;
		};
		D73C680724DA4AEF0030EDB5 /* Release */ = {
			isa = XCBuildConfiguration;
			buildSettings = {
				ALWAYS_SEARCH_USER_PATHS = NO;
				CLANG_ANALYZER_NONNULL = YES;
				CLANG_ANALYZER_NUMBER_OBJECT_CONVERSION = YES_AGGRESSIVE;
				CLANG_CXX_LANGUAGE_STANDARD = "gnu++14";
				CLANG_CXX_LIBRARY = "libc++";
				CLANG_ENABLE_MODULES = YES;
				CLANG_ENABLE_OBJC_ARC = YES;
				CLANG_ENABLE_OBJC_WEAK = YES;
				CLANG_WARN_BLOCK_CAPTURE_AUTORELEASING = YES;
				CLANG_WARN_BOOL_CONVERSION = YES;
				CLANG_WARN_COMMA = YES;
				CLANG_WARN_CONSTANT_CONVERSION = YES;
				CLANG_WARN_DEPRECATED_OBJC_IMPLEMENTATIONS = YES;
				CLANG_WARN_DIRECT_OBJC_ISA_USAGE = YES_ERROR;
				CLANG_WARN_DOCUMENTATION_COMMENTS = YES;
				CLANG_WARN_EMPTY_BODY = YES;
				CLANG_WARN_ENUM_CONVERSION = YES;
				CLANG_WARN_INFINITE_RECURSION = YES;
				CLANG_WARN_INT_CONVERSION = YES;
				CLANG_WARN_NON_LITERAL_NULL_CONVERSION = YES;
				CLANG_WARN_OBJC_IMPLICIT_RETAIN_SELF = YES;
				CLANG_WARN_OBJC_LITERAL_CONVERSION = YES;
				CLANG_WARN_OBJC_ROOT_CLASS = YES_ERROR;
				CLANG_WARN_RANGE_LOOP_ANALYSIS = YES;
				CLANG_WARN_STRICT_PROTOTYPES = YES;
				CLANG_WARN_SUSPICIOUS_MOVE = YES;
				CLANG_WARN_UNGUARDED_AVAILABILITY = YES_AGGRESSIVE;
				CLANG_WARN_UNREACHABLE_CODE = YES;
				CLANG_WARN__DUPLICATE_METHOD_MATCH = YES;
				COPY_PHASE_STRIP = NO;
				DEBUG_INFORMATION_FORMAT = "dwarf-with-dsym";
				ENABLE_NS_ASSERTIONS = NO;
				ENABLE_STRICT_OBJC_MSGSEND = YES;
				GCC_C_LANGUAGE_STANDARD = gnu11;
				GCC_NO_COMMON_BLOCKS = YES;
				GCC_WARN_64_TO_32_BIT_CONVERSION = YES;
				GCC_WARN_ABOUT_RETURN_TYPE = YES_ERROR;
				GCC_WARN_UNDECLARED_SELECTOR = YES;
				GCC_WARN_UNINITIALIZED_AUTOS = YES_AGGRESSIVE;
				GCC_WARN_UNUSED_FUNCTION = YES;
				GCC_WARN_UNUSED_VARIABLE = YES;
				MTL_ENABLE_DEBUG_INFO = NO;
				MTL_FAST_MATH = YES;
				SDKROOT = iphoneos;
				SWIFT_COMPILATION_MODE = wholemodule;
				SWIFT_OPTIMIZATION_LEVEL = "-O";
				VALIDATE_PRODUCT = YES;
			};
			name = Release;
		};
		D73C680924DA4AEF0030EDB5 /* Debug */ = {
			isa = XCBuildConfiguration;
			buildSettings = {
				ASSETCATALOG_COMPILER_COMPLICATION_NAME = Complication;
				CODE_SIGN_STYLE = Automatic;
				DEVELOPMENT_ASSET_PATHS = "\"PerfectEgg WatchKit Extension/Preview Content\"";
				DEVELOPMENT_TEAM = S38FCA8567;
				ENABLE_PREVIEWS = YES;
				INFOPLIST_FILE = "PerfectEgg WatchKit Extension/Info.plist";
				LD_RUNPATH_SEARCH_PATHS = (
					"$(inherited)",
					"@executable_path/Frameworks",
					"@executable_path/../../Frameworks",
				);
				PRODUCT_BUNDLE_IDENTIFIER = Spinelli.PerfectEgg.watchkitapp.watchkitextension;
				PRODUCT_NAME = "${TARGET_NAME}";
				SDKROOT = watchos;
				SKIP_INSTALL = YES;
				SWIFT_VERSION = 5.0;
				TARGETED_DEVICE_FAMILY = 4;
				WATCHOS_DEPLOYMENT_TARGET = 6.2;
			};
			name = Debug;
		};
		D73C680A24DA4AEF0030EDB5 /* Release */ = {
			isa = XCBuildConfiguration;
			buildSettings = {
				ASSETCATALOG_COMPILER_COMPLICATION_NAME = Complication;
				CODE_SIGN_STYLE = Automatic;
				DEVELOPMENT_ASSET_PATHS = "\"PerfectEgg WatchKit Extension/Preview Content\"";
				DEVELOPMENT_TEAM = S38FCA8567;
				ENABLE_PREVIEWS = YES;
				INFOPLIST_FILE = "PerfectEgg WatchKit Extension/Info.plist";
				LD_RUNPATH_SEARCH_PATHS = (
					"$(inherited)",
					"@executable_path/Frameworks",
					"@executable_path/../../Frameworks",
				);
				PRODUCT_BUNDLE_IDENTIFIER = Spinelli.PerfectEgg.watchkitapp.watchkitextension;
				PRODUCT_NAME = "${TARGET_NAME}";
				SDKROOT = watchos;
				SKIP_INSTALL = YES;
				SWIFT_VERSION = 5.0;
				TARGETED_DEVICE_FAMILY = 4;
				WATCHOS_DEPLOYMENT_TARGET = 6.2;
			};
			name = Release;
		};
		D73C680D24DA4AEF0030EDB5 /* Debug */ = {
			isa = XCBuildConfiguration;
			buildSettings = {
				ALWAYS_EMBED_SWIFT_STANDARD_LIBRARIES = YES;
				ASSETCATALOG_COMPILER_APPICON_NAME = AppIcon;
				CODE_SIGN_STYLE = Automatic;
				DEVELOPMENT_TEAM = S38FCA8567;
				IBSC_MODULE = PerfectEgg_WatchKit_Extension;
				INFOPLIST_FILE = "PerfectEgg WatchKit App/Info.plist";
				PRODUCT_BUNDLE_IDENTIFIER = Spinelli.PerfectEgg.watchkitapp;
				PRODUCT_NAME = "$(TARGET_NAME)";
				SDKROOT = watchos;
				SKIP_INSTALL = YES;
				SWIFT_VERSION = 5.0;
				TARGETED_DEVICE_FAMILY = 4;
				WATCHOS_DEPLOYMENT_TARGET = 6.2;
			};
			name = Debug;
		};
		D73C680E24DA4AEF0030EDB5 /* Release */ = {
			isa = XCBuildConfiguration;
			buildSettings = {
				ALWAYS_EMBED_SWIFT_STANDARD_LIBRARIES = YES;
				ASSETCATALOG_COMPILER_APPICON_NAME = AppIcon;
				CODE_SIGN_STYLE = Automatic;
				DEVELOPMENT_TEAM = S38FCA8567;
				IBSC_MODULE = PerfectEgg_WatchKit_Extension;
				INFOPLIST_FILE = "PerfectEgg WatchKit App/Info.plist";
				PRODUCT_BUNDLE_IDENTIFIER = Spinelli.PerfectEgg.watchkitapp;
				PRODUCT_NAME = "$(TARGET_NAME)";
				SDKROOT = watchos;
				SKIP_INSTALL = YES;
				SWIFT_VERSION = 5.0;
				TARGETED_DEVICE_FAMILY = 4;
				WATCHOS_DEPLOYMENT_TARGET = 6.2;
			};
			name = Release;
		};
		D73C681124DA4AEF0030EDB5 /* Debug */ = {
			isa = XCBuildConfiguration;
			buildSettings = {
				CODE_SIGN_STYLE = Automatic;
				CURRENT_PROJECT_VERSION = 1;
				DEVELOPMENT_TEAM = S38FCA8567;
				MARKETING_VERSION = 1.0;
				PRODUCT_BUNDLE_IDENTIFIER = Spinelli.PerfectEgg;
				PRODUCT_NAME = "$(TARGET_NAME)";
				SWIFT_VERSION = 5.0;
			};
			name = Debug;
		};
		D73C681224DA4AEF0030EDB5 /* Release */ = {
			isa = XCBuildConfiguration;
			buildSettings = {
				CODE_SIGN_STYLE = Automatic;
				CURRENT_PROJECT_VERSION = 1;
				DEVELOPMENT_TEAM = S38FCA8567;
				MARKETING_VERSION = 1.0;
				PRODUCT_BUNDLE_IDENTIFIER = Spinelli.PerfectEgg;
				PRODUCT_NAME = "$(TARGET_NAME)";
				SWIFT_VERSION = 5.0;
			};
			name = Release;
		};
/* End XCBuildConfiguration section */

/* Begin XCConfigurationList section */
		D73C67DA24DA4AE40030EDB5 /* Build configuration list for PBXProject "PerfectEgg" */ = {
			isa = XCConfigurationList;
			buildConfigurations = (
				D73C680624DA4AEF0030EDB5 /* Debug */,
				D73C680724DA4AEF0030EDB5 /* Release */,
			);
			defaultConfigurationIsVisible = 0;
			defaultConfigurationName = Release;
		};
		D73C680824DA4AEF0030EDB5 /* Build configuration list for PBXNativeTarget "PerfectEgg WatchKit Extension" */ = {
			isa = XCConfigurationList;
			buildConfigurations = (
				D73C680924DA4AEF0030EDB5 /* Debug */,
				D73C680A24DA4AEF0030EDB5 /* Release */,
			);
			defaultConfigurationIsVisible = 0;
			defaultConfigurationName = Release;
		};
		D73C680C24DA4AEF0030EDB5 /* Build configuration list for PBXNativeTarget "PerfectEgg WatchKit App" */ = {
			isa = XCConfigurationList;
			buildConfigurations = (
				D73C680D24DA4AEF0030EDB5 /* Debug */,
				D73C680E24DA4AEF0030EDB5 /* Release */,
			);
			defaultConfigurationIsVisible = 0;
			defaultConfigurationName = Release;
		};
		D73C681024DA4AEF0030EDB5 /* Build configuration list for PBXNativeTarget "PerfectEgg" */ = {
			isa = XCConfigurationList;
			buildConfigurations = (
				D73C681124DA4AEF0030EDB5 /* Debug */,
				D73C681224DA4AEF0030EDB5 /* Release */,
			);
			defaultConfigurationIsVisible = 0;
			defaultConfigurationName = Release;
		};
/* End XCConfigurationList section */
	};
	rootObject = D73C67D724DA4AE40030EDB5 /* Project object */;
}
